
Microsoft Visual Studio Solution File, Format Version 12.00
# Visual Studio Version 17
VisualStudioVersion = 17.0.31903.59
MinimumVisualStudioVersion = 10.0.40219.1
Project("{FAE04EC0-301F-11D3-BF4B-00C04F79EFBC}") = "Cube.Model", "Cube.Model\Cube.Model.csproj", "{DD8AFC21-5083-4FFA-B401-C2605FBC6F61}"
EndProject
Project("{FAE04EC0-301F-11D3-BF4B-00C04F79EFBC}") = "Cube.Model.Tests", "Cube.Model.Tests\Cube.Model.Tests.csproj", "{15A7D064-E67E-474D-8EEC-A0CC44F91B47}"
EndProject
Global
	GlobalSection(SolutionConfigurationPlatforms) = preSolution
		Debug|Any CPU = Debug|Any CPU
		Debug|x64 = Debug|x64
		Debug|x86 = Debug|x86
		Release|Any CPU = Release|Any CPU
		Release|x64 = Release|x64
		Release|x86 = Release|x86
	EndGlobalSection
	GlobalSection(ProjectConfigurationPlatforms) = postSolution
		{DD8AFC21-5083-4FFA-B401-C2605FBC6F61}.Debug|Any CPU.ActiveCfg = Debug|Any CPU
		{DD8AFC21-5083-4FFA-B401-C2605FBC6F61}.Debug|Any CPU.Build.0 = Debug|Any CPU
		{DD8AFC21-5083-4FFA-B401-C2605FBC6F61}.Debug|x64.ActiveCfg = Debug|Any CPU
		{DD8AFC21-5083-4FFA-B401-C2605FBC6F61}.Debug|x64.Build.0 = Debug|Any CPU
		{DD8AFC21-5083-4FFA-B401-C2605FBC6F61}.Debug|x86.ActiveCfg = Debug|Any CPU
		{DD8AFC21-5083-4FFA-B401-C2605FBC6F61}.Debug|x86.Build.0 = Debug|Any CPU
		{DD8AFC21-5083-4FFA-B401-C2605FBC6F61}.Release|Any CPU.ActiveCfg = Release|Any CPU
		{DD8AFC21-5083-4FFA-B401-C2605FBC6F61}.Release|Any CPU.Build.0 = Release|Any CPU
		{DD8AFC21-5083-4FFA-B401-C2605FBC6F61}.Release|x64.ActiveCfg = Release|Any CPU
		{DD8AFC21-5083-4FFA-B401-C2605FBC6F61}.Release|x64.Build.0 = Release|Any CPU
		{DD8AFC21-5083-4FFA-B401-C2605FBC6F61}.Release|x86.ActiveCfg = Release|Any CPU
		{DD8AFC21-5083-4FFA-B401-C2605FBC6F61}.Release|x86.Build.0 = Release|Any CPU
		{15A7D064-E67E-474D-8EEC-A0CC44F91B47}.Debug|Any CPU.ActiveCfg = Debug|Any CPU
		{15A7D064-E67E-474D-8EEC-A0CC44F91B47}.Debug|Any CPU.Build.0 = Debug|Any CPU
		{15A7D064-E67E-474D-8EEC-A0CC44F91B47}.Debug|x64.ActiveCfg = Debug|Any CPU
		{15A7D064-E67E-474D-8EEC-A0CC44F91B47}.Debug|x64.Build.0 = Debug|Any CPU
		{15A7D064-E67E-474D-8EEC-A0CC44F91B47}.Debug|x86.ActiveCfg = Debug|Any CPU
		{15A7D064-E67E-474D-8EEC-A0CC44F91B47}.Debug|x86.Build.0 = Debug|Any CPU
		{15A7D064-E67E-474D-8EEC-A0CC44F91B47}.Release|Any CPU.ActiveCfg = Release|Any CPU
		{15A7D064-E67E-474D-8EEC-A0CC44F91B47}.Release|Any CPU.Build.0 = Release|Any CPU
		{15A7D064-E67E-474D-8EEC-A0CC44F91B47}.Release|x64.ActiveCfg = Release|Any CPU
		{15A7D064-E67E-474D-8EEC-A0CC44F91B47}.Release|x64.Build.0 = Release|Any CPU
		{15A7D064-E67E-474D-8EEC-A0CC44F91B47}.Release|x86.ActiveCfg = Release|Any CPU
		{15A7D064-E67E-474D-8EEC-A0CC44F91B47}.Release|x86.Build.0 = Release|Any CPU
	EndGlobalSection
	GlobalSection(SolutionProperties) = preSolution
		HideSolutionNode = FALSE
	EndGlobalSection
EndGlobal
